
Microsoft Visual Studio Solution File, Format Version 12.00
# Visual Studio 15
VisualStudioVersion = 15.0.28010.2016
MinimumVisualStudioVersion = 10.0.40219.1
Project("{FAE04EC0-301F-11D3-BF4B-00C04F79EFBC}") = "VectorElementos", "VectorElementos\VectorElementos.csproj", "{6C2EFB50-BA3C-4DD8-8A14-98FA108D599A}"
EndProject
Global
	GlobalSection(SolutionConfigurationPlatforms) = preSolution
		Debug|Any CPU = Debug|Any CPU
		Release|Any CPU = Release|Any CPU
	EndGlobalSection
	GlobalSection(ProjectConfigurationPlatforms) = postSolution
		{6C2EFB50-BA3C-4DD8-8A14-98FA108D599A}.Debug|Any CPU.ActiveCfg = Debug|Any CPU
		{6C2EFB50-BA3C-4DD8-8A14-98FA108D599A}.Debug|Any CPU.Build.0 = Debug|Any CPU
		{6C2EFB50-BA3C-4DD8-8A14-98FA108D599A}.Release|Any CPU.ActiveCfg = Release|Any CPU
		{6C2EFB50-BA3C-4DD8-8A14-98FA108D599A}.Release|Any CPU.Build.0 = Release|Any CPU
	EndGlobalSection
	GlobalSection(SolutionProperties) = preSolution
		HideSolutionNode = FALSE
	EndGlobalSection
	GlobalSection(ExtensibilityGlobals) = postSolution
		SolutionGuid = {EE462ED7-AC16-4A57-88D2-C99E35FAB1F0}
	EndGlobalSection
EndGlobal
